
Microsoft Visual Studio Solution File, Format Version 12.00
Project("{FAE04EC0-301F-11D3-BF4B-00C04F79EFBC}") = "AuthApiService", "AuthApiService\AuthApiService.csproj", "{BEB9B69A-3B66-4074-B2F3-DD338F5E2EA4}"
EndProject
Project("{FAE04EC0-301F-11D3-BF4B-00C04F79EFBC}") = "AuthAndProductData", "AuthAndProductData\AuthAndProductData.csproj", "{3D61B508-9DDC-44EF-8223-B3F5292DC4DC}"
EndProject
Project("{FAE04EC0-301F-11D3-BF4B-00C04F79EFBC}") = "UserService", "UserService\UserService.csproj", "{C31A45AB-028C-4859-B25A-C989FACB550C}"
EndProject
Project("{FAE04EC0-301F-11D3-BF4B-00C04F79EFBC}") = "ProductService", "ProductService\ProductService.csproj", "{B1A577D6-D812-4714-872E-23254538EBAB}"
EndProject
Project("{FAE04EC0-301F-11D3-BF4B-00C04F79EFBC}") = "ProductApiService", "ProductApiService\ProductApiService.csproj", "{43F56F13-4C09-41F9-B56C-B070E3CCE805}"
EndProject
Global
	GlobalSection(SolutionConfigurationPlatforms) = preSolution
		Debug|Any CPU = Debug|Any CPU
		Release|Any CPU = Release|Any CPU
	EndGlobalSection
	GlobalSection(ProjectConfigurationPlatforms) = postSolution
		{BEB9B69A-3B66-4074-B2F3-DD338F5E2EA4}.Debug|Any CPU.ActiveCfg = Debug|Any CPU
		{BEB9B69A-3B66-4074-B2F3-DD338F5E2EA4}.Debug|Any CPU.Build.0 = Debug|Any CPU
		{BEB9B69A-3B66-4074-B2F3-DD338F5E2EA4}.Release|Any CPU.ActiveCfg = Release|Any CPU
		{BEB9B69A-3B66-4074-B2F3-DD338F5E2EA4}.Release|Any CPU.Build.0 = Release|Any CPU
		{3D61B508-9DDC-44EF-8223-B3F5292DC4DC}.Debug|Any CPU.ActiveCfg = Debug|Any CPU
		{3D61B508-9DDC-44EF-8223-B3F5292DC4DC}.Debug|Any CPU.Build.0 = Debug|Any CPU
		{3D61B508-9DDC-44EF-8223-B3F5292DC4DC}.Release|Any CPU.ActiveCfg = Release|Any CPU
		{3D61B508-9DDC-44EF-8223-B3F5292DC4DC}.Release|Any CPU.Build.0 = Release|Any CPU
		{C31A45AB-028C-4859-B25A-C989FACB550C}.Debug|Any CPU.ActiveCfg = Debug|Any CPU
		{C31A45AB-028C-4859-B25A-C989FACB550C}.Debug|Any CPU.Build.0 = Debug|Any CPU
		{C31A45AB-028C-4859-B25A-C989FACB550C}.Release|Any CPU.ActiveCfg = Release|Any CPU
		{C31A45AB-028C-4859-B25A-C989FACB550C}.Release|Any CPU.Build.0 = Release|Any CPU
		{B1A577D6-D812-4714-872E-23254538EBAB}.Debug|Any CPU.ActiveCfg = Debug|Any CPU
		{B1A577D6-D812-4714-872E-23254538EBAB}.Debug|Any CPU.Build.0 = Debug|Any CPU
		{B1A577D6-D812-4714-872E-23254538EBAB}.Release|Any CPU.ActiveCfg = Release|Any CPU
		{B1A577D6-D812-4714-872E-23254538EBAB}.Release|Any CPU.Build.0 = Release|Any CPU
		{43F56F13-4C09-41F9-B56C-B070E3CCE805}.Debug|Any CPU.ActiveCfg = Debug|Any CPU
		{43F56F13-4C09-41F9-B56C-B070E3CCE805}.Debug|Any CPU.Build.0 = Debug|Any CPU
		{43F56F13-4C09-41F9-B56C-B070E3CCE805}.Release|Any CPU.ActiveCfg = Release|Any CPU
		{43F56F13-4C09-41F9-B56C-B070E3CCE805}.Release|Any CPU.Build.0 = Release|Any CPU
	EndGlobalSection
EndGlobal
